{
  "requires": true,
  "lockfileVersion": 1,
  "dependencies": {
    "gasparesganga-jquery-loading-overlay": {
      "version": "2.1.6",
      "resolved": "https://registry.npmjs.org/gasparesganga-jquery-loading-overlay/-/gasparesganga-jquery-loading-overlay-2.1.6.tgz",
      "integrity": "sha512-dcHST/V1PyzPiZXStx7/Bu47aduo8vi2S9m6MlHACcP9gpZmqmyQaOBMm3dSQ34ZOlomfHkXBHPlmsrK7vWkTg==",
      "requires": {
        "jquery": ">=1.7.0"
      }
    },
    "jquery": {
      "version": "3.4.1",
      "resolved": "https://registry.npmjs.org/jquery/-/jquery-3.4.1.tgz",
      "integrity": "sha512-36+AdBzCL+y6qjw5Tx7HgzeGCzC81MDDgaUP8ld2zhx58HdqXGoBd+tHdrBMiyjGQs0Hxs/MLZTu/eHNJJuWPw=="
    }
  }
}
